// !$*UTF8*$!
{
	archiveVersion = 1;
	classes = {
	};
	objectVersion = 51;
	objects = {

/* Begin PBXBuildFile section */
		783A94C0FD4DCEA4969D3D3C /* Pods_MyMessangerTests.framework in Frameworks */ = {isa = PBXBuildFile; fileRef = E5D96777749DF7912BE8E545 /* Pods_MyMessangerTests.framework */; };
		8E147C6725997372008A4746 /* ConversationTableViewCell.swift in Sources */ = {isa = PBXBuildFile; fileRef = 8E147C6625997372008A4746 /* ConversationTableViewCell.swift */; };
		8E1A6ABE258BDE5E0068DC39 /* GoogleService-Info.plist in Resources */ = {isa = PBXBuildFile; fileRef = 8E1A6ABD258BDE5D0068DC39 /* GoogleService-Info.plist */; };
		8E1A6AFC258BFDED0068DC39 /* DatabaseManager.swift in Sources */ = {isa = PBXBuildFile; fileRef = 8E1A6AFB258BFDEC0068DC39 /* DatabaseManager.swift */; };
		8E284105259BF5B800EC1B25 /* NewConversationTableViewCell.swift in Sources */ = {isa = PBXBuildFile; fileRef = 8E284104259BF5B800EC1B25 /* NewConversationTableViewCell.swift */; };
		8E338558258AD29100AB67A6 /* Alert.swift in Sources */ = {isa = PBXBuildFile; fileRef = 8E338557258AD29100AB67A6 /* Alert.swift */; };
		8E36757925A049F900473181 /* ConversationModels.swift in Sources */ = {isa = PBXBuildFile; fileRef = 8E36757825A049F800473181 /* ConversationModels.swift */; };
		8E36757E25A04A6400473181 /* ChatModels.swift in Sources */ = {isa = PBXBuildFile; fileRef = 8E36757D25A04A6400473181 /* ChatModels.swift */; };
		8E36758325A04AE300473181 /* ProfileModels.swift in Sources */ = {isa = PBXBuildFile; fileRef = 8E36758225A04AE300473181 /* ProfileModels.swift */; };
		8E36758825A04B0600473181 /* NewConversationModels.swift in Sources */ = {isa = PBXBuildFile; fileRef = 8E36758725A04B0600473181 /* NewConversationModels.swift */; };
		8E65CDF2258A582200C15E21 /* AppDelegate.swift in Sources */ = {isa = PBXBuildFile; fileRef = 8E65CDF1258A582200C15E21 /* AppDelegate.swift */; };
		8E65CDF4258A582200C15E21 /* SceneDelegate.swift in Sources */ = {isa = PBXBuildFile; fileRef = 8E65CDF3258A582200C15E21 /* SceneDelegate.swift */; };
		8E65CDF9258A582200C15E21 /* Main.storyboard in Resources */ = {isa = PBXBuildFile; fileRef = 8E65CDF7258A582200C15E21 /* Main.storyboard */; };
		8E65CDFB258A583300C15E21 /* Assets.xcassets in Resources */ = {isa = PBXBuildFile; fileRef = 8E65CDFA258A583300C15E21 /* Assets.xcassets */; };
		8E65CDFE258A583300C15E21 /* LaunchScreen.storyboard in Resources */ = {isa = PBXBuildFile; fileRef = 8E65CDFC258A583300C15E21 /* LaunchScreen.storyboard */; };
		8E65CE09258A583400C15E21 /* MyMessangerTests.swift in Sources */ = {isa = PBXBuildFile; fileRef = 8E65CE08258A583400C15E21 /* MyMessangerTests.swift */; };
		8E65CE14258A583400C15E21 /* MyMessangerUITests.swift in Sources */ = {isa = PBXBuildFile; fileRef = 8E65CE13258A583400C15E21 /* MyMessangerUITests.swift */; };
		8E65CE2E258A59EF00C15E21 /* ConversationsViewController.swift in Sources */ = {isa = PBXBuildFile; fileRef = 8E65CE2D258A59EF00C15E21 /* ConversationsViewController.swift */; };
		8E65CE36258A5E7600C15E21 /* LoginViewController.swift in Sources */ = {isa = PBXBuildFile; fileRef = 8E65CE35258A5E7600C15E21 /* LoginViewController.swift */; };
		8E65CE3B258A5E8700C15E21 /* RegisterViewController.swift in Sources */ = {isa = PBXBuildFile; fileRef = 8E65CE3A258A5E8700C15E21 /* RegisterViewController.swift */; };
		8E65CE40258A5EA600C15E21 /* PhotoViewerViewController.swift in Sources */ = {isa = PBXBuildFile; fileRef = 8E65CE3F258A5EA600C15E21 /* PhotoViewerViewController.swift */; };
		8E65CE4A258A5EDD00C15E21 /* NewConversationViewController.swift in Sources */ = {isa = PBXBuildFile; fileRef = 8E65CE49258A5EDD00C15E21 /* NewConversationViewController.swift */; };
		8E65CE4F258A5EF100C15E21 /* ProfileViewController.swift in Sources */ = {isa = PBXBuildFile; fileRef = 8E65CE4E258A5EF100C15E21 /* ProfileViewController.swift */; };
		8E65CE58258A709300C15E21 /* Extensions.swift in Sources */ = {isa = PBXBuildFile; fileRef = 8E65CE57258A709200C15E21 /* Extensions.swift */; };
		8EA7294F258FC6AA008DF878 /* StorageManager.swift in Sources */ = {isa = PBXBuildFile; fileRef = 8EA7294E258FC6AA008DF878 /* StorageManager.swift */; };
		8EAE3C66259E9D6200A8AE72 /* LocationPickerViewController.swift in Sources */ = {isa = PBXBuildFile; fileRef = 8EAE3C65259E9D6200A8AE72 /* LocationPickerViewController.swift */; };
		8EF0B93B258E92A500CF3A9A /* ChatViewController.swift in Sources */ = {isa = PBXBuildFile; fileRef = 8EF0B93A258E92A500CF3A9A /* ChatViewController.swift */; };
		B48EC44611551877B9B0E6FF /* Pods_MyMessanger.framework in Frameworks */ = {isa = PBXBuildFile; fileRef = F5954EE201BB7F14773A2127 /* Pods_MyMessanger.framework */; };
		DEFD870D2A103C02BD8C576C /* Pods_MyMessanger_MyMessangerUITests.framework in Frameworks */ = {isa = PBXBuildFile; fileRef = 27F829CF7933DC098FFAC42C /* Pods_MyMessanger_MyMessangerUITests.framework */; };
/* End PBXBuildFile section */

/* Begin PBXContainerItemProxy section */
		8E65CE05258A583400C15E21 /* PBXContainerItemProxy */ = {
			isa = PBXContainerItemProxy;
			containerPortal = 8E65CDE6258A582200C15E21 /* Project object */;
			proxyType = 1;
			remoteGlobalIDString = 8E65CDED258A582200C15E21;
			remoteInfo = MyMessanger;
		};
		8E65CE10258A583400C15E21 /* PBXContainerItemProxy */ = {
			isa = PBXContainerItemProxy;
			containerPortal = 8E65CDE6258A582200C15E21 /* Project object */;
			proxyType = 1;
			remoteGlobalIDString = 8E65CDED258A582200C15E21;
			remoteInfo = MyMessanger;
		};
/* End PBXContainerItemProxy section */

/* Begin PBXFileReference section */
		27F829CF7933DC098FFAC42C /* Pods_MyMessanger_MyMessangerUITests.framework */ = {isa = PBXFileReference; explicitFileType = wrapper.framework; includeInIndex = 0; path = Pods_MyMessanger_MyMessangerUITests.framework; sourceTree = BUILT_PRODUCTS_DIR; };
		40C32A0C6CD236ED806B9767 /* Pods-MyMessangerTests.debug.xcconfig */ = {isa = PBXFileReference; includeInIndex = 1; lastKnownFileType = text.xcconfig; name = "Pods-MyMessangerTests.debug.xcconfig"; path = "Target Support Files/Pods-MyMessangerTests/Pods-MyMessangerTests.debug.xcconfig"; sourceTree = "<group>"; };
		450E3845C772E888E831348D /* Pods-MyMessanger.debug.xcconfig */ = {isa = PBXFileReference; includeInIndex = 1; lastKnownFileType = text.xcconfig; name = "Pods-MyMessanger.debug.xcconfig"; path = "Target Support Files/Pods-MyMessanger/Pods-MyMessanger.debug.xcconfig"; sourceTree = "<group>"; };
		4813AA32783EECBC28FAACDD /* Pods-MyMessangerTests.release.xcconfig */ = {isa = PBXFileReference; includeInIndex = 1; lastKnownFileType = text.xcconfig; name = "Pods-MyMessangerTests.release.xcconfig"; path = "Target Support Files/Pods-MyMessangerTests/Pods-MyMessangerTests.release.xcconfig"; sourceTree = "<group>"; };
		6DE566C8A63950F8549369C7 /* Pods-MyMessanger.release.xcconfig */ = {isa = PBXFileReference; includeInIndex = 1; lastKnownFileType = text.xcconfig; name = "Pods-MyMessanger.release.xcconfig"; path = "Target Support Files/Pods-MyMessanger/Pods-MyMessanger.release.xcconfig"; sourceTree = "<group>"; };
		85A9C7E5A75146914D8395C6 /* Pods-MyMessanger-MyMessangerUITests.release.xcconfig */ = {isa = PBXFileReference; includeInIndex = 1; lastKnownFileType = text.xcconfig; name = "Pods-MyMessanger-MyMessangerUITests.release.xcconfig"; path = "Target Support Files/Pods-MyMessanger-MyMessangerUITests/Pods-MyMessanger-MyMessangerUITests.release.xcconfig"; sourceTree = "<group>"; };
		8E147C6625997372008A4746 /* ConversationTableViewCell.swift */ = {isa = PBXFileReference; lastKnownFileType = sourcecode.swift; path = ConversationTableViewCell.swift; sourceTree = "<group>"; };
		8E1A6ABD258BDE5D0068DC39 /* GoogleService-Info.plist */ = {isa = PBXFileReference; fileEncoding = 4; lastKnownFileType = text.plist.xml; path = "GoogleService-Info.plist"; sourceTree = "<group>"; };
		8E1A6AFB258BFDEC0068DC39 /* DatabaseManager.swift */ = {isa = PBXFileReference; lastKnownFileType = sourcecode.swift; path = DatabaseManager.swift; sourceTree = "<group>"; };
		8E284104259BF5B800EC1B25 /* NewConversationTableViewCell.swift */ = {isa = PBXFileReference; lastKnownFileType = sourcecode.swift; path = NewConversationTableViewCell.swift; sourceTree = "<group>"; };
		8E338557258AD29100AB67A6 /* Alert.swift */ = {isa = PBXFileReference; lastKnownFileType = sourcecode.swift; path = Alert.swift; sourceTree = "<group>"; };
		8E36757825A049F800473181 /* ConversationModels.swift */ = {isa = PBXFileReference; lastKnownFileType = sourcecode.swift; path = ConversationModels.swift; sourceTree = "<group>"; };
		8E36757D25A04A6400473181 /* ChatModels.swift */ = {isa = PBXFileReference; lastKnownFileType = sourcecode.swift; path = ChatModels.swift; sourceTree = "<group>"; };
		8E36758225A04AE300473181 /* ProfileModels.swift */ = {isa = PBXFileReference; lastKnownFileType = sourcecode.swift; path = ProfileModels.swift; sourceTree = "<group>"; };
		8E36758725A04B0600473181 /* NewConversationModels.swift */ = {isa = PBXFileReference; lastKnownFileType = sourcecode.swift; path = NewConversationModels.swift; sourceTree = "<group>"; };
		8E65CDEE258A582200C15E21 /* MyMessanger.app */ = {isa = PBXFileReference; explicitFileType = wrapper.application; includeInIndex = 0; path = MyMessanger.app; sourceTree = BUILT_PRODUCTS_DIR; };
		8E65CDF1258A582200C15E21 /* AppDelegate.swift */ = {isa = PBXFileReference; lastKnownFileType = sourcecode.swift; path = AppDelegate.swift; sourceTree = "<group>"; };
		8E65CDF3258A582200C15E21 /* SceneDelegate.swift */ = {isa = PBXFileReference; lastKnownFileType = sourcecode.swift; path = SceneDelegate.swift; sourceTree = "<group>"; };
		8E65CDF8258A582200C15E21 /* Base */ = {isa = PBXFileReference; lastKnownFileType = file.storyboard; name = Base; path = Base.lproj/Main.storyboard; sourceTree = "<group>"; };
		8E65CDFA258A583300C15E21 /* Assets.xcassets */ = {isa = PBXFileReference; lastKnownFileType = folder.assetcatalog; path = Assets.xcassets; sourceTree = "<group>"; };
		8E65CDFD258A583300C15E21 /* Base */ = {isa = PBXFileReference; lastKnownFileType = file.storyboard; name = Base; path = Base.lproj/LaunchScreen.storyboard; sourceTree = "<group>"; };
		8E65CDFF258A583300C15E21 /* Info.plist */ = {isa = PBXFileReference; lastKnownFileType = text.plist.xml; path = Info.plist; sourceTree = "<group>"; };
		8E65CE04258A583400C15E21 /* MyMessangerTests.xctest */ = {isa = PBXFileReference; explicitFileType = wrapper.cfbundle; includeInIndex = 0; path = MyMessangerTests.xctest; sourceTree = BUILT_PRODUCTS_DIR; };
		8E65CE08258A583400C15E21 /* MyMessangerTests.swift */ = {isa = PBXFileReference; lastKnownFileType = sourcecode.swift; path = MyMessangerTests.swift; sourceTree = "<group>"; };
		8E65CE0A258A583400C15E21 /* Info.plist */ = {isa = PBXFileReference; lastKnownFileType = text.plist.xml; path = Info.plist; sourceTree = "<group>"; };
		8E65CE0F258A583400C15E21 /* MyMessangerUITests.xctest */ = {isa = PBXFileReference; explicitFileType = wrapper.cfbundle; includeInIndex = 0; path = MyMessangerUITests.xctest; sourceTree = BUILT_PRODUCTS_DIR; };
		8E65CE13258A583400C15E21 /* MyMessangerUITests.swift */ = {isa = PBXFileReference; lastKnownFileType = sourcecode.swift; path = MyMessangerUITests.swift; sourceTree = "<group>"; };
		8E65CE15258A583400C15E21 /* Info.plist */ = {isa = PBXFileReference; lastKnownFileType = text.plist.xml; path = Info.plist; sourceTree = "<group>"; };
		8E65CE2D258A59EF00C15E21 /* ConversationsViewController.swift */ = {isa = PBXFileReference; lastKnownFileType = sourcecode.swift; path = ConversationsViewController.swift; sourceTree = "<group>"; };
		8E65CE35258A5E7600C15E21 /* LoginViewController.swift */ = {isa = PBXFileReference; lastKnownFileType = sourcecode.swift; path = LoginViewController.swift; sourceTree = "<group>"; };
		8E65CE3A258A5E8700C15E21 /* RegisterViewController.swift */ = {isa = PBXFileReference; lastKnownFileType = sourcecode.swift; path = RegisterViewController.swift; sourceTree = "<group>"; };
		8E65CE3F258A5EA600C15E21 /* PhotoViewerViewController.swift */ = {isa = PBXFileReference; lastKnownFileType = sourcecode.swift; path = PhotoViewerViewController.swift; sourceTree = "<group>"; };
		8E65CE49258A5EDD00C15E21 /* NewConversationViewController.swift */ = {isa = PBXFileReference; lastKnownFileType = sourcecode.swift; path = NewConversationViewController.swift; sourceTree = "<group>"; };
		8E65CE4E258A5EF100C15E21 /* ProfileViewController.swift */ = {isa = PBXFileReference; lastKnownFileType = sourcecode.swift; path = ProfileViewController.swift; sourceTree = "<group>"; };
		8E65CE57258A709200C15E21 /* Extensions.swift */ = {isa = PBXFileReference; lastKnownFileType = sourcecode.swift; path = Extensions.swift; sourceTree = "<group>"; };
		8EA7294E258FC6AA008DF878 /* StorageManager.swift */ = {isa = PBXFileReference; lastKnownFileType = sourcecode.swift; path = StorageManager.swift; sourceTree = "<group>"; };
		8EAE3C65259E9D6200A8AE72 /* LocationPickerViewController.swift */ = {isa = PBXFileReference; lastKnownFileType = sourcecode.swift; path = LocationPickerViewController.swift; sourceTree = "<group>"; };
		8EF0B93A258E92A500CF3A9A /* ChatViewController.swift */ = {isa = PBXFileReference; lastKnownFileType = sourcecode.swift; path = ChatViewController.swift; sourceTree = "<group>"; };
		E0FAEF2172AF139F633A665D /* Pods-MyMessanger-MyMessangerUITests.debug.xcconfig */ = {isa = PBXFileReference; includeInIndex = 1; lastKnownFileType = text.xcconfig; name = "Pods-MyMessanger-MyMessangerUITests.debug.xcconfig"; path = "Target Support Files/Pods-MyMessanger-MyMessangerUITests/Pods-MyMessanger-MyMessangerUITests.debug.xcconfig"; sourceTree = "<group>"; };
		E5D96777749DF7912BE8E545 /* Pods_MyMessangerTests.framework */ = {isa = PBXFileReference; explicitFileType = wrapper.framework; includeInIndex = 0; path = Pods_MyMessangerTests.framework; sourceTree = BUILT_PRODUCTS_DIR; };
		F5954EE201BB7F14773A2127 /* Pods_MyMessanger.framework */ = {isa = PBXFileReference; explicitFileType = wrapper.framework; includeInIndex = 0; path = Pods_MyMessanger.framework; sourceTree = BUILT_PRODUCTS_DIR; };
/* End PBXFileReference section */

/* Begin PBXFrameworksBuildPhase section */
		8E65CDEB258A582200C15E21 /* Frameworks */ = {
			isa = PBXFrameworksBuildPhase;
			buildActionMask = 2147483647;
			files = (
				B48EC44611551877B9B0E6FF /* Pods_MyMessanger.framework in Frameworks */,
			);
			runOnlyForDeploymentPostprocessing = 0;
		};
		8E65CE01258A583400C15E21 /* Frameworks */ = {
			isa = PBXFrameworksBuildPhase;
			buildActionMask = 2147483647;
			files = (
				783A94C0FD4DCEA4969D3D3C /* Pods_MyMessangerTests.framework in Frameworks */,
			);
			runOnlyForDeploymentPostprocessing = 0;
		};
		8E65CE0C258A583400C15E21 /* Frameworks */ = {
			isa = PBXFrameworksBuildPhase;
			buildActionMask = 2147483647;
			files = (
				DEFD870D2A103C02BD8C576C /* Pods_MyMessanger_MyMessangerUITests.framework in Frameworks */,
			);
			runOnlyForDeploymentPostprocessing = 0;
		};
/* End PBXFrameworksBuildPhase section */

/* Begin PBXGroup section */
		8E65CDE5258A582200C15E21 = {
			isa = PBXGroup;
			children = (
				8E65CDF0258A582200C15E21 /* MyMessanger */,
				8E65CE07258A583400C15E21 /* MyMessangerTests */,
				8E65CE12258A583400C15E21 /* MyMessangerUITests */,
				8E65CDEF258A582200C15E21 /* Products */,
				D0B73AED6B05C1E4A874C04B /* Pods */,
				E727C89A65492CA7E94FC30C /* Frameworks */,
			);
			sourceTree = "<group>";
		};
		8E65CDEF258A582200C15E21 /* Products */ = {
			isa = PBXGroup;
			children = (
				8E65CDEE258A582200C15E21 /* MyMessanger.app */,
				8E65CE04258A583400C15E21 /* MyMessangerTests.xctest */,
				8E65CE0F258A583400C15E21 /* MyMessangerUITests.xctest */,
			);
			name = Products;
			sourceTree = "<group>";
		};
		8E65CDF0258A582200C15E21 /* MyMessanger */ = {
			isa = PBXGroup;
			children = (
				8E1A6ABD258BDE5D0068DC39 /* GoogleService-Info.plist */,
				8E65CE28258A592600C15E21 /* Resources */,
				8E65CE27258A591600C15E21 /* ViewModels */,
				8E65CE26258A591100C15E21 /* Models */,
				8E65CE25258A58FC00C15E21 /* Views */,
				8E65CE24258A58F400C15E21 /* Controllers */,
				8E65CDFF258A583300C15E21 /* Info.plist */,
			);
			path = MyMessanger;
			sourceTree = "<group>";
		};
		8E65CE07258A583400C15E21 /* MyMessangerTests */ = {
			isa = PBXGroup;
			children = (
				8E65CE08258A583400C15E21 /* MyMessangerTests.swift */,
				8E65CE0A258A583400C15E21 /* Info.plist */,
			);
			path = MyMessangerTests;
			sourceTree = "<group>";
		};
		8E65CE12258A583400C15E21 /* MyMessangerUITests */ = {
			isa = PBXGroup;
			children = (
				8E65CE13258A583400C15E21 /* MyMessangerUITests.swift */,
				8E65CE15258A583400C15E21 /* Info.plist */,
			);
			path = MyMessangerUITests;
			sourceTree = "<group>";
		};
		8E65CE24258A58F400C15E21 /* Controllers */ = {
			isa = PBXGroup;
			children = (
				8E65CE2D258A59EF00C15E21 /* ConversationsViewController.swift */,
				8E65CE53258A5FE100C15E21 /* Login - Register */,
				8E65CE3F258A5EA600C15E21 /* PhotoViewerViewController.swift */,
				8E65CE49258A5EDD00C15E21 /* NewConversationViewController.swift */,
				8E65CE4E258A5EF100C15E21 /* ProfileViewController.swift */,
				8EF0B93A258E92A500CF3A9A /* ChatViewController.swift */,
				8EAE3C65259E9D6200A8AE72 /* LocationPickerViewController.swift */,
			);
			path = Controllers;
			sourceTree = "<group>";
		};
		8E65CE25258A58FC00C15E21 /* Views */ = {
			isa = PBXGroup;
			children = (
				8E65CE29258A597000C15E21 /* Stroyboards */,
				8E65CDFA258A583300C15E21 /* Assets.xcassets */,
				8E147C6625997372008A4746 /* ConversationTableViewCell.swift */,
				8E284104259BF5B800EC1B25 /* NewConversationTableViewCell.swift */,
			);
			path = Views;
			sourceTree = "<group>";
		};
		8E65CE26258A591100C15E21 /* Models */ = {
			isa = PBXGroup;
			children = (
				8E36757825A049F800473181 /* ConversationModels.swift */,
				8E36757D25A04A6400473181 /* ChatModels.swift */,
				8E36758225A04AE300473181 /* ProfileModels.swift */,
				8E36758725A04B0600473181 /* NewConversationModels.swift */,
			);
			path = Models;
			sourceTree = "<group>";
		};
		8E65CE27258A591600C15E21 /* ViewModels */ = {
			isa = PBXGroup;
			children = (
			);
			path = ViewModels;
			sourceTree = "<group>";
		};
		8E65CE28258A592600C15E21 /* Resources */ = {
			isa = PBXGroup;
			children = (
				8E65CDF1258A582200C15E21 /* AppDelegate.swift */,
				8E65CDF3258A582200C15E21 /* SceneDelegate.swift */,
				8E65CE57258A709200C15E21 /* Extensions.swift */,
				8E338557258AD29100AB67A6 /* Alert.swift */,
				8E1A6AFB258BFDEC0068DC39 /* DatabaseManager.swift */,
				8EA7294E258FC6AA008DF878 /* StorageManager.swift */,
			);
			path = Resources;
			sourceTree = "<group>";
		};
		8E65CE29258A597000C15E21 /* Stroyboards */ = {
			isa = PBXGroup;
			children = (
				8E65CDF7258A582200C15E21 /* Main.storyboard */,
				8E65CDFC258A583300C15E21 /* LaunchScreen.storyboard */,
			);
			path = Stroyboards;
			sourceTree = "<group>";
		};
		8E65CE53258A5FE100C15E21 /* Login - Register */ = {
			isa = PBXGroup;
			children = (
				8E65CE35258A5E7600C15E21 /* LoginViewController.swift */,
				8E65CE3A258A5E8700C15E21 /* RegisterViewController.swift */,
			);
			path = "Login - Register";
			sourceTree = "<group>";
		};
		D0B73AED6B05C1E4A874C04B /* Pods */ = {
			isa = PBXGroup;
			children = (
				450E3845C772E888E831348D /* Pods-MyMessanger.debug.xcconfig */,
				6DE566C8A63950F8549369C7 /* Pods-MyMessanger.release.xcconfig */,
				E0FAEF2172AF139F633A665D /* Pods-MyMessanger-MyMessangerUITests.debug.xcconfig */,
				85A9C7E5A75146914D8395C6 /* Pods-MyMessanger-MyMessangerUITests.release.xcconfig */,
				40C32A0C6CD236ED806B9767 /* Pods-MyMessangerTests.debug.xcconfig */,
				4813AA32783EECBC28FAACDD /* Pods-MyMessangerTests.release.xcconfig */,
			);
			path = Pods;
			sourceTree = "<group>";
		};
		E727C89A65492CA7E94FC30C /* Frameworks */ = {
			isa = PBXGroup;
			children = (
				F5954EE201BB7F14773A2127 /* Pods_MyMessanger.framework */,
				27F829CF7933DC098FFAC42C /* Pods_MyMessanger_MyMessangerUITests.framework */,
				E5D96777749DF7912BE8E545 /* Pods_MyMessangerTests.framework */,
			);
			name = Frameworks;
			sourceTree = "<group>";
		};
/* End PBXGroup section */

/* Begin PBXNativeTarget section */
		8E65CDED258A582200C15E21 /* MyMessanger */ = {
			isa = PBXNativeTarget;
			buildConfigurationList = 8E65CE18258A583400C15E21 /* Build configuration list for PBXNativeTarget "MyMessanger" */;
			buildPhases = (
				293EADF1E80E81D3A1861694 /* [CP] Check Pods Manifest.lock */,
				8E65CDEA258A582200C15E21 /* Sources */,
				8E65CDEB258A582200C15E21 /* Frameworks */,
				8E65CDEC258A582200C15E21 /* Resources */,
				F1CC598EE27B4391E2C2696A /* [CP] Embed Pods Frameworks */,
				028FFFC7E6CD668646D11444 /* [CP] Copy Pods Resources */,
				8E7F4087259F3BD4001967A4 /* ShellScript */,
			);
			buildRules = (
			);
			dependencies = (
			);
			name = MyMessanger;
			productName = MyMessanger;
			productReference = 8E65CDEE258A582200C15E21 /* MyMessanger.app */;
			productType = "com.apple.product-type.application";
		};
		8E65CE03258A583400C15E21 /* MyMessangerTests */ = {
			isa = PBXNativeTarget;
			buildConfigurationList = 8E65CE1B258A583400C15E21 /* Build configuration list for PBXNativeTarget "MyMessangerTests" */;
			buildPhases = (
				AF7E9AB703E34DAFC64863D8 /* [CP] Check Pods Manifest.lock */,
				8E65CE00258A583400C15E21 /* Sources */,
				8E65CE01258A583400C15E21 /* Frameworks */,
				8E65CE02258A583400C15E21 /* Resources */,
			);
			buildRules = (
			);
			dependencies = (
				8E65CE06258A583400C15E21 /* PBXTargetDependency */,
			);
			name = MyMessangerTests;
			productName = MyMessangerTests;
			productReference = 8E65CE04258A583400C15E21 /* MyMessangerTests.xctest */;
			productType = "com.apple.product-type.bundle.unit-test";
		};
		8E65CE0E258A583400C15E21 /* MyMessangerUITests */ = {
			isa = PBXNativeTarget;
			buildConfigurationList = 8E65CE1E258A583400C15E21 /* Build configuration list for PBXNativeTarget "MyMessangerUITests" */;
			buildPhases = (
				D9B858526169CD19F82B86AA /* [CP] Check Pods Manifest.lock */,
				8E65CE0B258A583400C15E21 /* Sources */,
				8E65CE0C258A583400C15E21 /* Frameworks */,
				8E65CE0D258A583400C15E21 /* Resources */,
				87732F51938EC32EE6DA8CAD /* [CP] Embed Pods Frameworks */,
				141AEC85BAE1491E8FA6EEC6 /* [CP] Copy Pods Resources */,
			);
			buildRules = (
			);
			dependencies = (
				8E65CE11258A583400C15E21 /* PBXTargetDependency */,
			);
			name = MyMessangerUITests;
			productName = MyMessangerUITests;
			productReference = 8E65CE0F258A583400C15E21 /* MyMessangerUITests.xctest */;
			productType = "com.apple.product-type.bundle.ui-testing";
		};
/* End PBXNativeTarget section */

/* Begin PBXProject section */
		8E65CDE6258A582200C15E21 /* Project object */ = {
			isa = PBXProject;
			attributes = {
				LastSwiftUpdateCheck = 1220;
				LastUpgradeCheck = 1220;
				TargetAttributes = {
					8E65CDED258A582200C15E21 = {
						CreatedOnToolsVersion = 12.2;
					};
					8E65CE03258A583400C15E21 = {
						CreatedOnToolsVersion = 12.2;
						TestTargetID = 8E65CDED258A582200C15E21;
					};
					8E65CE0E258A583400C15E21 = {
						CreatedOnToolsVersion = 12.2;
						TestTargetID = 8E65CDED258A582200C15E21;
					};
				};
			};
			buildConfigurationList = 8E65CDE9258A582200C15E21 /* Build configuration list for PBXProject "MyMessanger" */;
			compatibilityVersion = "Xcode 9.3";
			developmentRegion = en;
			hasScannedForEncodings = 0;
			knownRegions = (
				en,
				Base,
			);
			mainGroup = 8E65CDE5258A582200C15E21;
			productRefGroup = 8E65CDEF258A582200C15E21 /* Products */;
			projectDirPath = "";
			projectRoot = "";
			targets = (
				8E65CDED258A582200C15E21 /* MyMessanger */,
				8E65CE03258A583400C15E21 /* MyMessangerTests */,
				8E65CE0E258A583400C15E21 /* MyMessangerUITests */,
			);
		};
/* End PBXProject section */

/* Begin PBXResourcesBuildPhase section */
		8E65CDEC258A582200C15E21 /* Resources */ = {
			isa = PBXResourcesBuildPhase;
			buildActionMask = 2147483647;
			files = (
				8E65CDFE258A583300C15E21 /* LaunchScreen.storyboard in Resources */,
				8E1A6ABE258BDE5E0068DC39 /* GoogleService-Info.plist in Resources */,
				8E65CDFB258A583300C15E21 /* Assets.xcassets in Resources */,
				8E65CDF9258A582200C15E21 /* Main.storyboard in Resources */,
			);
			runOnlyForDeploymentPostprocessing = 0;
		};
		8E65CE02258A583400C15E21 /* Resources */ = {
			isa = PBXResourcesBuildPhase;
			buildActionMask = 2147483647;
			files = (
			);
			runOnlyForDeploymentPostprocessing = 0;
		};
		8E65CE0D258A583400C15E21 /* Resources */ = {
			isa = PBXResourcesBuildPhase;
			buildActionMask = 2147483647;
			files = (
			);
			runOnlyForDeploymentPostprocessing = 0;
		};
/* End PBXResourcesBuildPhase section */

/* Begin PBXShellScriptBuildPhase section */
		028FFFC7E6CD668646D11444 /* [CP] Copy Pods Resources */ = {
			isa = PBXShellScriptBuildPhase;
			buildActionMask = 2147483647;
			files = (
			);
			inputFileListPaths = (
				"${PODS_ROOT}/Target Support Files/Pods-MyMessanger/Pods-MyMessanger-resources-${CONFIGURATION}-input-files.xcfilelist",
			);
			name = "[CP] Copy Pods Resources";
			outputFileListPaths = (
				"${PODS_ROOT}/Target Support Files/Pods-MyMessanger/Pods-MyMessanger-resources-${CONFIGURATION}-output-files.xcfilelist",
			);
			runOnlyForDeploymentPostprocessing = 0;
			shellPath = /bin/sh;
			shellScript = "\"${PODS_ROOT}/Target Support Files/Pods-MyMessanger/Pods-MyMessanger-resources.sh\"\n";
			showEnvVarsInLog = 0;
		};
		141AEC85BAE1491E8FA6EEC6 /* [CP] Copy Pods Resources */ = {
			isa = PBXShellScriptBuildPhase;
			buildActionMask = 2147483647;
			files = (
			);
			inputFileListPaths = (
				"${PODS_ROOT}/Target Support Files/Pods-MyMessanger-MyMessangerUITests/Pods-MyMessanger-MyMessangerUITests-resources-${CONFIGURATION}-input-files.xcfilelist",
			);
			name = "[CP] Copy Pods Resources";
			outputFileListPaths = (
				"${PODS_ROOT}/Target Support Files/Pods-MyMessanger-MyMessangerUITests/Pods-MyMessanger-MyMessangerUITests-resources-${CONFIGURATION}-output-files.xcfilelist",
			);
			runOnlyForDeploymentPostprocessing = 0;
			shellPath = /bin/sh;
			shellScript = "\"${PODS_ROOT}/Target Support Files/Pods-MyMessanger-MyMessangerUITests/Pods-MyMessanger-MyMessangerUITests-resources.sh\"\n";
			showEnvVarsInLog = 0;
		};
		293EADF1E80E81D3A1861694 /* [CP] Check Pods Manifest.lock */ = {
			isa = PBXShellScriptBuildPhase;
			buildActionMask = 2147483647;
			files = (
			);
			inputFileListPaths = (
			);
			inputPaths = (
				"${PODS_PODFILE_DIR_PATH}/Podfile.lock",
				"${PODS_ROOT}/Manifest.lock",
			);
			name = "[CP] Check Pods Manifest.lock";
			outputFileListPaths = (
			);
			outputPaths = (
				"$(DERIVED_FILE_DIR)/Pods-MyMessanger-checkManifestLockResult.txt",
			);
			runOnlyForDeploymentPostprocessing = 0;
			shellPath = /bin/sh;
			shellScript = "diff \"${PODS_PODFILE_DIR_PATH}/Podfile.lock\" \"${PODS_ROOT}/Manifest.lock\" > /dev/null\nif [ $? != 0 ] ; then\n    # print error to STDERR\n    echo \"error: The sandbox is not in sync with the Podfile.lock. Run 'pod install' or update your CocoaPods installation.\" >&2\n    exit 1\nfi\n# This output is used by Xcode 'outputs' to avoid re-running this script phase.\necho \"SUCCESS\" > \"${SCRIPT_OUTPUT_FILE_0}\"\n";
			showEnvVarsInLog = 0;
		};
		87732F51938EC32EE6DA8CAD /* [CP] Embed Pods Frameworks */ = {
			isa = PBXShellScriptBuildPhase;
			buildActionMask = 2147483647;
			files = (
			);
			inputFileListPaths = (
				"${PODS_ROOT}/Target Support Files/Pods-MyMessanger-MyMessangerUITests/Pods-MyMessanger-MyMessangerUITests-frameworks-${CONFIGURATION}-input-files.xcfilelist",
			);
			name = "[CP] Embed Pods Frameworks";
			outputFileListPaths = (
				"${PODS_ROOT}/Target Support Files/Pods-MyMessanger-MyMessangerUITests/Pods-MyMessanger-MyMessangerUITests-frameworks-${CONFIGURATION}-output-files.xcfilelist",
			);
			runOnlyForDeploymentPostprocessing = 0;
			shellPath = /bin/sh;
			shellScript = "\"${PODS_ROOT}/Target Support Files/Pods-MyMessanger-MyMessangerUITests/Pods-MyMessanger-MyMessangerUITests-frameworks.sh\"\n";
			showEnvVarsInLog = 0;
		};
		8E7F4087259F3BD4001967A4 /* ShellScript */ = {
			isa = PBXShellScriptBuildPhase;
			buildActionMask = 2147483647;
			files = (
			);
			inputFileListPaths = (
			);
			inputPaths = (
			);
			outputFileListPaths = (
			);
			outputPaths = (
			);
			runOnlyForDeploymentPostprocessing = 0;
			shellPath = /bin/sh;
			shellScript = "\"${PODS_ROOT}/FirebaseCrashlytics/run\"\n";
		};
		AF7E9AB703E34DAFC64863D8 /* [CP] Check Pods Manifest.lock */ = {
			isa = PBXShellScriptBuildPhase;
			buildActionMask = 2147483647;
			files = (
			);
			inputFileListPaths = (
			);
			inputPaths = (
				"${PODS_PODFILE_DIR_PATH}/Podfile.lock",
				"${PODS_ROOT}/Manifest.lock",
			);
			name = "[CP] Check Pods Manifest.lock";
			outputFileListPaths = (
			);
			outputPaths = (
				"$(DERIVED_FILE_DIR)/Pods-MyMessangerTests-checkManifestLockResult.txt",
			);
			runOnlyForDeploymentPostprocessing = 0;
			shellPath = /bin/sh;
			shellScript = "diff \"${PODS_PODFILE_DIR_PATH}/Podfile.lock\" \"${PODS_ROOT}/Manifest.lock\" > /dev/null\nif [ $? != 0 ] ; then\n    # print error to STDERR\n    echo \"error: The sandbox is not in sync with the Podfile.lock. Run 'pod install' or update your CocoaPods installation.\" >&2\n    exit 1\nfi\n# This output is used by Xcode 'outputs' to avoid re-running this script phase.\necho \"SUCCESS\" > \"${SCRIPT_OUTPUT_FILE_0}\"\n";
			showEnvVarsInLog = 0;
		};
		D9B858526169CD19F82B86AA /* [CP] Check Pods Manifest.lock */ = {
			isa = PBXShellScriptBuildPhase;
			buildActionMask = 2147483647;
			files = (
			);
			inputFileListPaths = (
			);
			inputPaths = (
				"${PODS_PODFILE_DIR_PATH}/Podfile.lock",
				"${PODS_ROOT}/Manifest.lock",
			);
			name = "[CP] Check Pods Manifest.lock";
			outputFileListPaths = (
			);
			outputPaths = (
				"$(DERIVED_FILE_DIR)/Pods-MyMessanger-MyMessangerUITests-checkManifestLockResult.txt",
			);
			runOnlyForDeploymentPostprocessing = 0;
			shellPath = /bin/sh;
			shellScript = "diff \"${PODS_PODFILE_DIR_PATH}/Podfile.lock\" \"${PODS_ROOT}/Manifest.lock\" > /dev/null\nif [ $? != 0 ] ; then\n    # print error to STDERR\n    echo \"error: The sandbox is not in sync with the Podfile.lock. Run 'pod install' or update your CocoaPods installation.\" >&2\n    exit 1\nfi\n# This output is used by Xcode 'outputs' to avoid re-running this script phase.\necho \"SUCCESS\" > \"${SCRIPT_OUTPUT_FILE_0}\"\n";
			showEnvVarsInLog = 0;
		};
		F1CC598EE27B4391E2C2696A /* [CP] Embed Pods Frameworks */ = {
			isa = PBXShellScriptBuildPhase;
			buildActionMask = 2147483647;
			files = (
			);
			inputFileListPaths = (
				"${PODS_ROOT}/Target Support Files/Pods-MyMessanger/Pods-MyMessanger-frameworks-${CONFIGURATION}-input-files.xcfilelist",
			);
			name = "[CP] Embed Pods Frameworks";
			outputFileListPaths = (
				"${PODS_ROOT}/Target Support Files/Pods-MyMessanger/Pods-MyMessanger-frameworks-${CONFIGURATION}-output-files.xcfilelist",
			);
			runOnlyForDeploymentPostprocessing = 0;
			shellPath = /bin/sh;
			shellScript = "\"${PODS_ROOT}/Target Support Files/Pods-MyMessanger/Pods-MyMessanger-frameworks.sh\"\n";
			showEnvVarsInLog = 0;
		};
/* End PBXShellScriptBuildPhase section */

/* Begin PBXSourcesBuildPhase section */
		8E65CDEA258A582200C15E21 /* Sources */ = {
			isa = PBXSourcesBuildPhase;
			buildActionMask = 2147483647;
			files = (
				8E36757925A049F900473181 /* ConversationModels.swift in Sources */,
				8E36757E25A04A6400473181 /* ChatModels.swift in Sources */,
				8E65CE36258A5E7600C15E21 /* LoginViewController.swift in Sources */,
				8E36758325A04AE300473181 /* ProfileModels.swift in Sources */,
				8E65CE3B258A5E8700C15E21 /* RegisterViewController.swift in Sources */,
				8E36758825A04B0600473181 /* NewConversationModels.swift in Sources */,
				8E65CE4A258A5EDD00C15E21 /* NewConversationViewController.swift in Sources */,
				8EAE3C66259E9D6200A8AE72 /* LocationPickerViewController.swift in Sources */,
				8EA7294F258FC6AA008DF878 /* StorageManager.swift in Sources */,
				8E65CE2E258A59EF00C15E21 /* ConversationsViewController.swift in Sources */,
				8E65CE58258A709300C15E21 /* Extensions.swift in Sources */,
				8E65CDF2258A582200C15E21 /* AppDelegate.swift in Sources */,
				8E65CE4F258A5EF100C15E21 /* ProfileViewController.swift in Sources */,
				8E284105259BF5B800EC1B25 /* NewConversationTableViewCell.swift in Sources */,
				8E1A6AFC258BFDED0068DC39 /* DatabaseManager.swift in Sources */,
				8EF0B93B258E92A500CF3A9A /* ChatViewController.swift in Sources */,
				8E338558258AD29100AB67A6 /* Alert.swift in Sources */,
				8E65CDF4258A582200C15E21 /* SceneDelegate.swift in Sources */,
				8E65CE40258A5EA600C15E21 /* PhotoViewerViewController.swift in Sources */,
				8E147C6725997372008A4746 /* ConversationTableViewCell.swift in Sources */,
			);
			runOnlyForDeploymentPostprocessing = 0;
		};
		8E65CE00258A583400C15E21 /* Sources */ = {
			isa = PBXSourcesBuildPhase;
			buildActionMask = 2147483647;
			files = (
				8E65CE09258A583400C15E21 /* MyMessangerTests.swift in Sources */,
			);
			runOnlyForDeploymentPostprocessing = 0;
		};
		8E65CE0B258A583400C15E21 /* Sources */ = {
			isa = PBXSourcesBuildPhase;
			buildActionMask = 2147483647;
			files = (
				8E65CE14258A583400C15E21 /* MyMessangerUITests.swift in Sources */,
			);
			runOnlyForDeploymentPostprocessing = 0;
		};
/* End PBXSourcesBuildPhase section */

/* Begin PBXTargetDependency section */
		8E65CE06258A583400C15E21 /* PBXTargetDependency */ = {
			isa = PBXTargetDependency;
			target = 8E65CDED258A582200C15E21 /* MyMessanger */;
			targetProxy = 8E65CE05258A583400C15E21 /* PBXContainerItemProxy */;
		};
		8E65CE11258A583400C15E21 /* PBXTargetDependency */ = {
			isa = PBXTargetDependency;
			target = 8E65CDED258A582200C15E21 /* MyMessanger */;
			targetProxy = 8E65CE10258A583400C15E21 /* PBXContainerItemProxy */;
		};
/* End PBXTargetDependency section */

/* Begin PBXVariantGroup section */
		8E65CDF7258A582200C15E21 /* Main.storyboard */ = {
			isa = PBXVariantGroup;
			children = (
				8E65CDF8258A582200C15E21 /* Base */,
			);
			name = Main.storyboard;
			sourceTree = "<group>";
		};
		8E65CDFC258A583300C15E21 /* LaunchScreen.storyboard */ = {
			isa = PBXVariantGroup;
			children = (
				8E65CDFD258A583300C15E21 /* Base */,
			);
			name = LaunchScreen.storyboard;
			sourceTree = "<group>";
		};
/* End PBXVariantGroup section */

/* Begin XCBuildConfiguration section */
		8E65CE16258A583400C15E21 /* Debug */ = {
			isa = XCBuildConfiguration;
			buildSettings = {
				ALWAYS_SEARCH_USER_PATHS = NO;
				CLANG_ANALYZER_NONNULL = YES;
				CLANG_ANALYZER_NUMBER_OBJECT_CONVERSION = YES_AGGRESSIVE;
				CLANG_CXX_LANGUAGE_STANDARD = "gnu++14";
				CLANG_CXX_LIBRARY = "libc++";
				CLANG_ENABLE_MODULES = YES;
				CLANG_ENABLE_OBJC_ARC = YES;
				CLANG_ENABLE_OBJC_WEAK = YES;
				CLANG_WARN_BLOCK_CAPTURE_AUTORELEASING = YES;
				CLANG_WARN_BOOL_CONVERSION = YES;
				CLANG_WARN_COMMA = YES;
				CLANG_WARN_CONSTANT_CONVERSION = YES;
				CLANG_WARN_DEPRECATED_OBJC_IMPLEMENTATIONS = YES;
				CLANG_WARN_DIRECT_OBJC_ISA_USAGE = YES_ERROR;
				CLANG_WARN_DOCUMENTATION_COMMENTS = YES;
				CLANG_WARN_EMPTY_BODY = YES;
				CLANG_WARN_ENUM_CONVERSION = YES;
				CLANG_WARN_INFINITE_RECURSION = YES;
				CLANG_WARN_INT_CONVERSION = YES;
				CLANG_WARN_NON_LITERAL_NULL_CONVERSION = YES;
				CLANG_WARN_OBJC_IMPLICIT_RETAIN_SELF = YES;
				CLANG_WARN_OBJC_LITERAL_CONVERSION = YES;
				CLANG_WARN_OBJC_ROOT_CLASS = YES_ERROR;
				CLANG_WARN_QUOTED_INCLUDE_IN_FRAMEWORK_HEADER = YES;
				CLANG_WARN_RANGE_LOOP_ANALYSIS = YES;
				CLANG_WARN_STRICT_PROTOTYPES = YES;
				CLANG_WARN_SUSPICIOUS_MOVE = YES;
				CLANG_WARN_UNGUARDED_AVAILABILITY = YES_AGGRESSIVE;
				CLANG_WARN_UNREACHABLE_CODE = YES;
				CLANG_WARN__DUPLICATE_METHOD_MATCH = YES;
				COPY_PHASE_STRIP = NO;
				DEBUG_INFORMATION_FORMAT = dwarf;
				ENABLE_STRICT_OBJC_MSGSEND = YES;
				ENABLE_TESTABILITY = YES;
				GCC_C_LANGUAGE_STANDARD = gnu11;
				GCC_DYNAMIC_NO_PIC = NO;
				GCC_NO_COMMON_BLOCKS = YES;
				GCC_OPTIMIZATION_LEVEL = 0;
				GCC_PREPROCESSOR_DEFINITIONS = (
					"DEBUG=1",
					"$(inherited)",
				);
				GCC_WARN_64_TO_32_BIT_CONVERSION = YES;
				GCC_WARN_ABOUT_RETURN_TYPE = YES_ERROR;
				GCC_WARN_UNDECLARED_SELECTOR = YES;
				GCC_WARN_UNINITIALIZED_AUTOS = YES_AGGRESSIVE;
				GCC_WARN_UNUSED_FUNCTION = YES;
				GCC_WARN_UNUSED_VARIABLE = YES;
				IPHONEOS_DEPLOYMENT_TARGET = 14.2;
				MTL_ENABLE_DEBUG_INFO = INCLUDE_SOURCE;
				MTL_FAST_MATH = YES;
				ONLY_ACTIVE_ARCH = YES;
				SDKROOT = iphoneos;
				SWIFT_ACTIVE_COMPILATION_CONDITIONS = DEBUG;
				SWIFT_OPTIMIZATION_LEVEL = "-Onone";
			};
			name = Debug;
		};
		8E65CE17258A583400C15E21 /* Release */ = {
			isa = XCBuildConfiguration;
			buildSettings = {
				ALWAYS_SEARCH_USER_PATHS = NO;
				CLANG_ANALYZER_NONNULL = YES;
				CLANG_ANALYZER_NUMBER_OBJECT_CONVERSION = YES_AGGRESSIVE;
				CLANG_CXX_LANGUAGE_STANDARD = "gnu++14";
				CLANG_CXX_LIBRARY = "libc++";
				CLANG_ENABLE_MODULES = YES;
				CLANG_ENABLE_OBJC_ARC = YES;
				CLANG_ENABLE_OBJC_WEAK = YES;
				CLANG_WARN_BLOCK_CAPTURE_AUTORELEASING = YES;
				CLANG_WARN_BOOL_CONVERSION = YES;
				CLANG_WARN_COMMA = YES;
				CLANG_WARN_CONSTANT_CONVERSION = YES;
				CLANG_WARN_DEPRECATED_OBJC_IMPLEMENTATIONS = YES;
				CLANG_WARN_DIRECT_OBJC_ISA_USAGE = YES_ERROR;
				CLANG_WARN_DOCUMENTATION_COMMENTS = YES;
				CLANG_WARN_EMPTY_BODY = YES;
				CLANG_WARN_ENUM_CONVERSION = YES;
				CLANG_WARN_INFINITE_RECURSION = YES;
				CLANG_WARN_INT_CONVERSION = YES;
				CLANG_WARN_NON_LITERAL_NULL_CONVERSION = YES;
				CLANG_WARN_OBJC_IMPLICIT_RETAIN_SELF = YES;
				CLANG_WARN_OBJC_LITERAL_CONVERSION = YES;
				CLANG_WARN_OBJC_ROOT_CLASS = YES_ERROR;
				CLANG_WARN_QUOTED_INCLUDE_IN_FRAMEWORK_HEADER = YES;
				CLANG_WARN_RANGE_LOOP_ANALYSIS = YES;
				CLANG_WARN_STRICT_PROTOTYPES = YES;
				CLANG_WARN_SUSPICIOUS_MOVE = YES;
				CLANG_WARN_UNGUARDED_AVAILABILITY = YES_AGGRESSIVE;
				CLANG_WARN_UNREACHABLE_CODE = YES;
				CLANG_WARN__DUPLICATE_METHOD_MATCH = YES;
				COPY_PHASE_STRIP = NO;
				DEBUG_INFORMATION_FORMAT = "dwarf-with-dsym";
				ENABLE_NS_ASSERTIONS = NO;
				ENABLE_STRICT_OBJC_MSGSEND = YES;
				GCC_C_LANGUAGE_STANDARD = gnu11;
				GCC_NO_COMMON_BLOCKS = YES;
				GCC_WARN_64_TO_32_BIT_CONVERSION = YES;
				GCC_WARN_ABOUT_RETURN_TYPE = YES_ERROR;
				GCC_WARN_UNDECLARED_SELECTOR = YES;
				GCC_WARN_UNINITIALIZED_AUTOS = YES_AGGRESSIVE;
				GCC_WARN_UNUSED_FUNCTION = YES;
				GCC_WARN_UNUSED_VARIABLE = YES;
				IPHONEOS_DEPLOYMENT_TARGET = 14.2;
				MTL_ENABLE_DEBUG_INFO = NO;
				MTL_FAST_MATH = YES;
				SDKROOT = iphoneos;
				SWIFT_COMPILATION_MODE = wholemodule;
				SWIFT_OPTIMIZATION_LEVEL = "-O";
				VALIDATE_PRODUCT = YES;
			};
			name = Release;
		};
		8E65CE19258A583400C15E21 /* Debug */ = {
			isa = XCBuildConfiguration;
			baseConfigurationReference = 450E3845C772E888E831348D /* Pods-MyMessanger.debug.xcconfig */;
			buildSettings = {
				ASSETCATALOG_COMPILER_APPICON_NAME = AppIcon;
				ASSETCATALOG_COMPILER_GLOBAL_ACCENT_COLOR_NAME = AccentColor;
				CODE_SIGN_STYLE = Automatic;
				INFOPLIST_FILE = MyMessanger/Info.plist;
				LD_RUNPATH_SEARCH_PATHS = (
					"$(inherited)",
					"@executable_path/Frameworks",
				);
				PRODUCT_BUNDLE_IDENTIFIER = com.mo.MyMessanger;
				PRODUCT_NAME = "$(TARGET_NAME)";
				SWIFT_VERSION = 5.0;
				TARGETED_DEVICE_FAMILY = "1,2";
			};
			name = Debug;
		};
		8E65CE1A258A583400C15E21 /* Release */ = {
			isa = XCBuildConfiguration;
			baseConfigurationReference = 6DE566C8A63950F8549369C7 /* Pods-MyMessanger.release.xcconfig */;
			buildSettings = {
				ASSETCATALOG_COMPILER_APPICON_NAME = AppIcon;
				ASSETCATALOG_COMPILER_GLOBAL_ACCENT_COLOR_NAME = AccentColor;
				CODE_SIGN_STYLE = Automatic;
				INFOPLIST_FILE = MyMessanger/Info.plist;
				LD_RUNPATH_SEARCH_PATHS = (
					"$(inherited)",
					"@executable_path/Frameworks",
				);
				PRODUCT_BUNDLE_IDENTIFIER = com.mo.MyMessanger;
				PRODUCT_NAME = "$(TARGET_NAME)";
				SWIFT_VERSION = 5.0;
				TARGETED_DEVICE_FAMILY = "1,2";
			};
			name = Release;
		};
		8E65CE1C258A583400C15E21 /* Debug */ = {
			isa = XCBuildConfiguration;
			baseConfigurationReference = 40C32A0C6CD236ED806B9767 /* Pods-MyMessangerTests.debug.xcconfig */;
			buildSettings = {
				ALWAYS_EMBED_SWIFT_STANDARD_LIBRARIES = YES;
				BUNDLE_LOADER = "$(TEST_HOST)";
				CODE_SIGN_STYLE = Automatic;
				INFOPLIST_FILE = MyMessangerTests/Info.plist;
				IPHONEOS_DEPLOYMENT_TARGET = 14.2;
				LD_RUNPATH_SEARCH_PATHS = (
					"$(inherited)",
					"@executable_path/Frameworks",
					"@loader_path/Frameworks",
				);
				PRODUCT_BUNDLE_IDENTIFIER = com.mo.MyMessangerTests;
				PRODUCT_NAME = "$(TARGET_NAME)";
				SWIFT_VERSION = 5.0;
				TARGETED_DEVICE_FAMILY = "1,2";
				TEST_HOST = "$(BUILT_PRODUCTS_DIR)/MyMessanger.app/MyMessanger";
			};
			name = Debug;
		};
		8E65CE1D258A583400C15E21 /* Release */ = {
			isa = XCBuildConfiguration;
			baseConfigurationReference = 4813AA32783EECBC28FAACDD /* Pods-MyMessangerTests.release.xcconfig */;
			buildSettings = {
				ALWAYS_EMBED_SWIFT_STANDARD_LIBRARIES = YES;
				BUNDLE_LOADER = "$(TEST_HOST)";
				CODE_SIGN_STYLE = Automatic;
				INFOPLIST_FILE = MyMessangerTests/Info.plist;
				IPHONEOS_DEPLOYMENT_TARGET = 14.2;
				LD_RUNPATH_SEARCH_PATHS = (
					"$(inherited)",
					"@executable_path/Frameworks",
					"@loader_path/Frameworks",
				);
				PRODUCT_BUNDLE_IDENTIFIER = com.mo.MyMessangerTests;
				PRODUCT_NAME = "$(TARGET_NAME)";
				SWIFT_VERSION = 5.0;
				TARGETED_DEVICE_FAMILY = "1,2";
				TEST_HOST = "$(BUILT_PRODUCTS_DIR)/MyMessanger.app/MyMessanger";
			};
			name = Release;
		};
		8E65CE1F258A583400C15E21 /* Debug */ = {
			isa = XCBuildConfiguration;
			baseConfigurationReference = E0FAEF2172AF139F633A665D /* Pods-MyMessanger-MyMessangerUITests.debug.xcconfig */;
			buildSettings = {
				ALWAYS_EMBED_SWIFT_STANDARD_LIBRARIES = YES;
				CODE_SIGN_STYLE = Automatic;
				INFOPLIST_FILE = MyMessangerUITests/Info.plist;
				LD_RUNPATH_SEARCH_PATHS = (
					"$(inherited)",
					"@executable_path/Frameworks",
					"@loader_path/Frameworks",
				);
				PRODUCT_BUNDLE_IDENTIFIER = com.mo.MyMessangerUITests;
				PRODUCT_NAME = "$(TARGET_NAME)";
				SWIFT_VERSION = 5.0;
				TARGETED_DEVICE_FAMILY = "1,2";
				TEST_TARGET_NAME = MyMessanger;
			};
			name = Debug;
		};
		8E65CE20258A583400C15E21 /* Release */ = {
			isa = XCBuildConfiguration;
			baseConfigurationReference = 85A9C7E5A75146914D8395C6 /* Pods-MyMessanger-MyMessangerUITests.release.xcconfig */;
			buildSettings = {
				ALWAYS_EMBED_SWIFT_STANDARD_LIBRARIES = YES;
				CODE_SIGN_STYLE = Automatic;
				INFOPLIST_FILE = MyMessangerUITests/Info.plist;
				LD_RUNPATH_SEARCH_PATHS = (
					"$(inherited)",
					"@executable_path/Frameworks",
					"@loader_path/Frameworks",
				);
				PRODUCT_BUNDLE_IDENTIFIER = com.mo.MyMessangerUITests;
				PRODUCT_NAME = "$(TARGET_NAME)";
				SWIFT_VERSION = 5.0;
				TARGETED_DEVICE_FAMILY = "1,2";
				TEST_TARGET_NAME = MyMessanger;
			};
			name = Release;
		};
/* End XCBuildConfiguration section */

/* Begin XCConfigurationList section */
		8E65CDE9258A582200C15E21 /* Build configuration list for PBXProject "MyMessanger" */ = {
			isa = XCConfigurationList;
			buildConfigurations = (
				8E65CE16258A583400C15E21 /* Debug */,
				8E65CE17258A583400C15E21 /* Release */,
			);
			defaultConfigurationIsVisible = 0;
			defaultConfigurationName = Release;
		};
		8E65CE18258A583400C15E21 /* Build configuration list for PBXNativeTarget "MyMessanger" */ = {
			isa = XCConfigurationList;
			buildConfigurations = (
				8E65CE19258A583400C15E21 /* Debug */,
				8E65CE1A258A583400C15E21 /* Release */,
			);
			defaultConfigurationIsVisible = 0;
			defaultConfigurationName = Release;
		};
		8E65CE1B258A583400C15E21 /* Build configuration list for PBXNativeTarget "MyMessangerTests" */ = {
			isa = XCConfigurationList;
			buildConfigurations = (
				8E65CE1C258A583400C15E21 /* Debug */,
				8E65CE1D258A583400C15E21 /* Release */,
			);
			defaultConfigurationIsVisible = 0;
			defaultConfigurationName = Release;
		};
		8E65CE1E258A583400C15E21 /* Build configuration list for PBXNativeTarget "MyMessangerUITests" */ = {
			isa = XCConfigurationList;
			buildConfigurations = (
				8E65CE1F258A583400C15E21 /* Debug */,
				8E65CE20258A583400C15E21 /* Release */,
			);
			defaultConfigurationIsVisible = 0;
			defaultConfigurationName = Release;
		};
/* End XCConfigurationList section */
	};
	rootObject = 8E65CDE6258A582200C15E21 /* Project object */;
}
